
Microsoft Visual Studio Solution File, Format Version 12.00
# Visual Studio 15
VisualStudioVersion = 15.0.28010.2016
MinimumVisualStudioVersion = 10.0.40219.1
Project("{FAE04EC0-301F-11D3-BF4B-00C04F79EFBC}") = "SecretBook", "SecretBook\SecretBook.csproj", "{BDB54FB9-B00E-49F4-80D4-80A6349013C5}"
EndProject
Global
	GlobalSection(SolutionConfigurationPlatforms) = preSolution
		Debug|Any CPU = Debug|Any CPU
		Release|Any CPU = Release|Any CPU
	EndGlobalSection
	GlobalSection(ProjectConfigurationPlatforms) = postSolution
		{BDB54FB9-B00E-49F4-80D4-80A6349013C5}.Debug|Any CPU.ActiveCfg = Debug|Any CPU
		{BDB54FB9-B00E-49F4-80D4-80A6349013C5}.Debug|Any CPU.Build.0 = Debug|Any CPU
		{BDB54FB9-B00E-49F4-80D4-80A6349013C5}.Release|Any CPU.ActiveCfg = Release|Any CPU
		{BDB54FB9-B00E-49F4-80D4-80A6349013C5}.Release|Any CPU.Build.0 = Release|Any CPU
	EndGlobalSection
	GlobalSection(SolutionProperties) = preSolution
		HideSolutionNode = FALSE
	EndGlobalSection
	GlobalSection(ExtensibilityGlobals) = postSolution
		SolutionGuid = {A48C2C3A-436D-4F29-8067-D7169E24BA36}
	EndGlobalSection
EndGlobal
